
Microsoft Visual Studio Solution File, Format Version 12.00
# Visual Studio Version 16
VisualStudioVersion = 16.0.32228.343
MinimumVisualStudioVersion = 10.0.40219.1
Project("{FAE04EC0-301F-11D3-BF4B-00C04F79EFBC}") = "Formulario_Associação", "Formulario_Associação\Formulario_Associação.csproj", "{64D342D8-42C7-46D6-8D9A-6F1A9B672724}"
EndProject
Global
	GlobalSection(SolutionConfigurationPlatforms) = preSolution
		Debug|Any CPU = Debug|Any CPU
		Release|Any CPU = Release|Any CPU
	EndGlobalSection
	GlobalSection(ProjectConfigurationPlatforms) = postSolution
		{64D342D8-42C7-46D6-8D9A-6F1A9B672724}.Debug|Any CPU.ActiveCfg = Debug|Any CPU
		{64D342D8-42C7-46D6-8D9A-6F1A9B672724}.Debug|Any CPU.Build.0 = Debug|Any CPU
		{64D342D8-42C7-46D6-8D9A-6F1A9B672724}.Release|Any CPU.ActiveCfg = Release|Any CPU
		{64D342D8-42C7-46D6-8D9A-6F1A9B672724}.Release|Any CPU.Build.0 = Release|Any CPU
	EndGlobalSection
	GlobalSection(SolutionProperties) = preSolution
		HideSolutionNode = FALSE
	EndGlobalSection
	GlobalSection(ExtensibilityGlobals) = postSolution
		SolutionGuid = {3334BA81-5655-48D2-ACF1-B57BD3786CAC}
	EndGlobalSection
EndGlobal
